// !$*UTF8*$!
{
	archiveVersion = 1;
	classes = {
	};
	objectVersion = 56;
	objects = {

/* Begin PBXBuildFile section */
		A83C6D7E2947822700D104BB /* AppDelegate.swift in Sources */ = {isa = PBXBuildFile; fileRef = A83C6D7D2947822700D104BB /* AppDelegate.swift */; };
		A83C6D802947822700D104BB /* SceneDelegate.swift in Sources */ = {isa = PBXBuildFile; fileRef = A83C6D7F2947822700D104BB /* SceneDelegate.swift */; };
		A83C6D822947822700D104BB /* ViewController.swift in Sources */ = {isa = PBXBuildFile; fileRef = A83C6D812947822700D104BB /* ViewController.swift */; };
		A83C6D872947822800D104BB /* Assets.xcassets in Resources */ = {isa = PBXBuildFile; fileRef = A83C6D862947822800D104BB /* Assets.xcassets */; };
		A83C6D8A2947822800D104BB /* LaunchScreen.storyboard in Resources */ = {isa = PBXBuildFile; fileRef = A83C6D882947822800D104BB /* LaunchScreen.storyboard */; };
		A83C6D92294783B100D104BB /* CustomTableViewCell.swift in Sources */ = {isa = PBXBuildFile; fileRef = A83C6D91294783B100D104BB /* CustomTableViewCell.swift */; };
		A83C6D942947A5F000D104BB /* Source.swift in Sources */ = {isa = PBXBuildFile; fileRef = A83C6D932947A5F000D104BB /* Source.swift */; };
		A8ADC12D294CB79F004FE8B5 /* CustomImage.swift in Sources */ = {isa = PBXBuildFile; fileRef = A8ADC12C294CB79F004FE8B5 /* CustomImage.swift */; };
		A8ADC12F294CC92A004FE8B5 /* TestViewController.swift in Sources */ = {isa = PBXBuildFile; fileRef = A8ADC12E294CC92A004FE8B5 /* TestViewController.swift */; };
		A8CEEF3D294BAC2000C9AFED /* SecondViewController.swift in Sources */ = {isa = PBXBuildFile; fileRef = A8CEEF3C294BAC2000C9AFED /* SecondViewController.swift */; };
/* End PBXBuildFile section */

/* Begin PBXFileReference section */
		A83C6D7A2947822700D104BB /* twoTableView.app */ = {isa = PBXFileReference; explicitFileType = wrapper.application; includeInIndex = 0; path = twoTableView.app; sourceTree = BUILT_PRODUCTS_DIR; };
		A83C6D7D2947822700D104BB /* AppDelegate.swift */ = {isa = PBXFileReference; lastKnownFileType = sourcecode.swift; path = AppDelegate.swift; sourceTree = "<group>"; };
		A83C6D7F2947822700D104BB /* SceneDelegate.swift */ = {isa = PBXFileReference; lastKnownFileType = sourcecode.swift; path = SceneDelegate.swift; sourceTree = "<group>"; };
		A83C6D812947822700D104BB /* ViewController.swift */ = {isa = PBXFileReference; lastKnownFileType = sourcecode.swift; path = ViewController.swift; sourceTree = "<group>"; };
		A83C6D862947822800D104BB /* Assets.xcassets */ = {isa = PBXFileReference; lastKnownFileType = folder.assetcatalog; path = Assets.xcassets; sourceTree = "<group>"; };
		A83C6D892947822800D104BB /* Base */ = {isa = PBXFileReference; lastKnownFileType = file.storyboard; name = Base; path = Base.lproj/LaunchScreen.storyboard; sourceTree = "<group>"; };
		A83C6D8B2947822800D104BB /* Info.plist */ = {isa = PBXFileReference; lastKnownFileType = text.plist.xml; path = Info.plist; sourceTree = "<group>"; };
		A83C6D91294783B100D104BB /* CustomTableViewCell.swift */ = {isa = PBXFileReference; lastKnownFileType = sourcecode.swift; path = CustomTableViewCell.swift; sourceTree = "<group>"; };
		A83C6D932947A5F000D104BB /* Source.swift */ = {isa = PBXFileReference; lastKnownFileType = sourcecode.swift; path = Source.swift; sourceTree = "<group>"; };
		A8ADC12C294CB79F004FE8B5 /* CustomImage.swift */ = {isa = PBXFileReference; lastKnownFileType = sourcecode.swift; path = CustomImage.swift; sourceTree = "<group>"; };
		A8ADC12E294CC92A004FE8B5 /* TestViewController.swift */ = {isa = PBXFileReference; lastKnownFileType = sourcecode.swift; path = TestViewController.swift; sourceTree = "<group>"; };
		A8CEEF3C294BAC2000C9AFED /* SecondViewController.swift */ = {isa = PBXFileReference; lastKnownFileType = sourcecode.swift; path = SecondViewController.swift; sourceTree = "<group>"; };
/* End PBXFileReference section */

/* Begin PBXFrameworksBuildPhase section */
		A83C6D772947822700D104BB /* Frameworks */ = {
			isa = PBXFrameworksBuildPhase;
			buildActionMask = 2147483647;
			files = (
			);
			runOnlyForDeploymentPostprocessing = 0;
		};
/* End PBXFrameworksBuildPhase section */

/* Begin PBXGroup section */
		A83C6D712947822700D104BB = {
			isa = PBXGroup;
			children = (
				A83C6D7C2947822700D104BB /* twoTableView */,
				A83C6D7B2947822700D104BB /* Products */,
			);
			sourceTree = "<group>";
		};
		A83C6D7B2947822700D104BB /* Products */ = {
			isa = PBXGroup;
			children = (
				A83C6D7A2947822700D104BB /* twoTableView.app */,
			);
			name = Products;
			sourceTree = "<group>";
		};
		A83C6D7C2947822700D104BB /* twoTableView */ = {
			isa = PBXGroup;
			children = (
				A83C6D7D2947822700D104BB /* AppDelegate.swift */,
				A83C6D7F2947822700D104BB /* SceneDelegate.swift */,
				A83C6D812947822700D104BB /* ViewController.swift */,
				A8ADC12E294CC92A004FE8B5 /* TestViewController.swift */,
				A8CEEF3C294BAC2000C9AFED /* SecondViewController.swift */,
				A83C6D862947822800D104BB /* Assets.xcassets */,
				A83C6D882947822800D104BB /* LaunchScreen.storyboard */,
				A83C6D8B2947822800D104BB /* Info.plist */,
				A83C6D91294783B100D104BB /* CustomTableViewCell.swift */,
				A83C6D932947A5F000D104BB /* Source.swift */,
				A8ADC12C294CB79F004FE8B5 /* CustomImage.swift */,
			);
			path = twoTableView;
			sourceTree = "<group>";
		};
/* End PBXGroup section */

/* Begin PBXNativeTarget section */
		A83C6D792947822700D104BB /* twoTableView */ = {
			isa = PBXNativeTarget;
			buildConfigurationList = A83C6D8E2947822800D104BB /* Build configuration list for PBXNativeTarget "twoTableView" */;
			buildPhases = (
				A83C6D762947822700D104BB /* Sources */,
				A83C6D772947822700D104BB /* Frameworks */,
				A83C6D782947822700D104BB /* Resources */,
			);
			buildRules = (
			);
			dependencies = (
			);
			name = twoTableView;
			productName = twoTableView;
			productReference = A83C6D7A2947822700D104BB /* twoTableView.app */;
			productType = "com.apple.product-type.application";
		};
/* End PBXNativeTarget section */

/* Begin PBXProject section */
		A83C6D722947822700D104BB /* Project object */ = {
			isa = PBXProject;
			attributes = {
				BuildIndependentTargetsInParallel = 1;
				LastSwiftUpdateCheck = 1410;
				LastUpgradeCheck = 1410;
				TargetAttributes = {
					A83C6D792947822700D104BB = {
						CreatedOnToolsVersion = 14.1;
					};
				};
			};
			buildConfigurationList = A83C6D752947822700D104BB /* Build configuration list for PBXProject "twoTableView" */;
			compatibilityVersion = "Xcode 14.0";
			developmentRegion = en;
			hasScannedForEncodings = 0;
			knownRegions = (
				en,
				Base,
			);
			mainGroup = A83C6D712947822700D104BB;
			productRefGroup = A83C6D7B2947822700D104BB /* Products */;
			projectDirPath = "";
			projectRoot = "";
			targets = (
				A83C6D792947822700D104BB /* twoTableView */,
			);
		};
/* End PBXProject section */

/* Begin PBXResourcesBuildPhase section */
		A83C6D782947822700D104BB /* Resources */ = {
			isa = PBXResourcesBuildPhase;
			buildActionMask = 2147483647;
			files = (
				A83C6D8A2947822800D104BB /* LaunchScreen.storyboard in Resources */,
				A83C6D872947822800D104BB /* Assets.xcassets in Resources */,
			);
			runOnlyForDeploymentPostprocessing = 0;
		};
/* End PBXResourcesBuildPhase section */

/* Begin PBXSourcesBuildPhase section */
		A83C6D762947822700D104BB /* Sources */ = {
			isa = PBXSourcesBuildPhase;
			buildActionMask = 2147483647;
			files = (
				A8ADC12D294CB79F004FE8B5 /* CustomImage.swift in Sources */,
				A8CEEF3D294BAC2000C9AFED /* SecondViewController.swift in Sources */,
				A8ADC12F294CC92A004FE8B5 /* TestViewController.swift in Sources */,
				A83C6D822947822700D104BB /* ViewController.swift in Sources */,
				A83C6D92294783B100D104BB /* CustomTableViewCell.swift in Sources */,
				A83C6D7E2947822700D104BB /* AppDelegate.swift in Sources */,
				A83C6D942947A5F000D104BB /* Source.swift in Sources */,
				A83C6D802947822700D104BB /* SceneDelegate.swift in Sources */,
			);
			runOnlyForDeploymentPostprocessing = 0;
		};
/* End PBXSourcesBuildPhase section */

/* Begin PBXVariantGroup section */
		A83C6D882947822800D104BB /* LaunchScreen.storyboard */ = {
			isa = PBXVariantGroup;
			children = (
				A83C6D892947822800D104BB /* Base */,
			);
			name = LaunchScreen.storyboard;
			sourceTree = "<group>";
		};
/* End PBXVariantGroup section */

/* Begin XCBuildConfiguration section */
		A83C6D8C2947822800D104BB /* Debug */ = {
			isa = XCBuildConfiguration;
			buildSettings = {
				ALWAYS_SEARCH_USER_PATHS = NO;
				CLANG_ANALYZER_NONNULL = YES;
				CLANG_ANALYZER_NUMBER_OBJECT_CONVERSION = YES_AGGRESSIVE;
				CLANG_CXX_LANGUAGE_STANDARD = "gnu++20";
				CLANG_ENABLE_MODULES = YES;
				CLANG_ENABLE_OBJC_ARC = YES;
				CLANG_ENABLE_OBJC_WEAK = YES;
				CLANG_WARN_BLOCK_CAPTURE_AUTORELEASING = YES;
				CLANG_WARN_BOOL_CONVERSION = YES;
				CLANG_WARN_COMMA = YES;
				CLANG_WARN_CONSTANT_CONVERSION = YES;
				CLANG_WARN_DEPRECATED_OBJC_IMPLEMENTATIONS = YES;
				CLANG_WARN_DIRECT_OBJC_ISA_USAGE = YES_ERROR;
				CLANG_WARN_DOCUMENTATION_COMMENTS = YES;
				CLANG_WARN_EMPTY_BODY = YES;
				CLANG_WARN_ENUM_CONVERSION = YES;
				CLANG_WARN_INFINITE_RECURSION = YES;
				CLANG_WARN_INT_CONVERSION = YES;
				CLANG_WARN_NON_LITERAL_NULL_CONVERSION = YES;
				CLANG_WARN_OBJC_IMPLICIT_RETAIN_SELF = YES;
				CLANG_WARN_OBJC_LITERAL_CONVERSION = YES;
				CLANG_WARN_OBJC_ROOT_CLASS = YES_ERROR;
				CLANG_WARN_QUOTED_INCLUDE_IN_FRAMEWORK_HEADER = YES;
				CLANG_WARN_RANGE_LOOP_ANALYSIS = YES;
				CLANG_WARN_STRICT_PROTOTYPES = YES;
				CLANG_WARN_SUSPICIOUS_MOVE = YES;
				CLANG_WARN_UNGUARDED_AVAILABILITY = YES_AGGRESSIVE;
				CLANG_WARN_UNREACHABLE_CODE = YES;
				CLANG_WARN__DUPLICATE_METHOD_MATCH = YES;
				COPY_PHASE_STRIP = NO;
				DEBUG_INFORMATION_FORMAT = dwarf;
				ENABLE_STRICT_OBJC_MSGSEND = YES;
				ENABLE_TESTABILITY = YES;
				GCC_C_LANGUAGE_STANDARD = gnu11;
				GCC_DYNAMIC_NO_PIC = NO;
				GCC_NO_COMMON_BLOCKS = YES;
				GCC_OPTIMIZATION_LEVEL = 0;
				GCC_PREPROCESSOR_DEFINITIONS = (
					"DEBUG=1",
					"$(inherited)",
				);
				GCC_WARN_64_TO_32_BIT_CONVERSION = YES;
				GCC_WARN_ABOUT_RETURN_TYPE = YES_ERROR;
				GCC_WARN_UNDECLARED_SELECTOR = YES;
				GCC_WARN_UNINITIALIZED_AUTOS = YES_AGGRESSIVE;
				GCC_WARN_UNUSED_FUNCTION = YES;
				GCC_WARN_UNUSED_VARIABLE = YES;
				IPHONEOS_DEPLOYMENT_TARGET = 16.1;
				MTL_ENABLE_DEBUG_INFO = INCLUDE_SOURCE;
				MTL_FAST_MATH = YES;
				ONLY_ACTIVE_ARCH = YES;
				SDKROOT = iphoneos;
				SWIFT_ACTIVE_COMPILATION_CONDITIONS = DEBUG;
				SWIFT_OPTIMIZATION_LEVEL = "-Onone";
			};
			name = Debug;
		};
		A83C6D8D2947822800D104BB /* Release */ = {
			isa = XCBuildConfiguration;
			buildSettings = {
				ALWAYS_SEARCH_USER_PATHS = NO;
				CLANG_ANALYZER_NONNULL = YES;
				CLANG_ANALYZER_NUMBER_OBJECT_CONVERSION = YES_AGGRESSIVE;
				CLANG_CXX_LANGUAGE_STANDARD = "gnu++20";
				CLANG_ENABLE_MODULES = YES;
				CLANG_ENABLE_OBJC_ARC = YES;
				CLANG_ENABLE_OBJC_WEAK = YES;
				CLANG_WARN_BLOCK_CAPTURE_AUTORELEASING = YES;
				CLANG_WARN_BOOL_CONVERSION = YES;
				CLANG_WARN_COMMA = YES;
				CLANG_WARN_CONSTANT_CONVERSION = YES;
				CLANG_WARN_DEPRECATED_OBJC_IMPLEMENTATIONS = YES;
				CLANG_WARN_DIRECT_OBJC_ISA_USAGE = YES_ERROR;
				CLANG_WARN_DOCUMENTATION_COMMENTS = YES;
				CLANG_WARN_EMPTY_BODY = YES;
				CLANG_WARN_ENUM_CONVERSION = YES;
				CLANG_WARN_INFINITE_RECURSION = YES;
				CLANG_WARN_INT_CONVERSION = YES;
				CLANG_WARN_NON_LITERAL_NULL_CONVERSION = YES;
				CLANG_WARN_OBJC_IMPLICIT_RETAIN_SELF = YES;
				CLANG_WARN_OBJC_LITERAL_CONVERSION = YES;
				CLANG_WARN_OBJC_ROOT_CLASS = YES_ERROR;
				CLANG_WARN_QUOTED_INCLUDE_IN_FRAMEWORK_HEADER = YES;
				CLANG_WARN_RANGE_LOOP_ANALYSIS = YES;
				CLANG_WARN_STRICT_PROTOTYPES = YES;
				CLANG_WARN_SUSPICIOUS_MOVE = YES;
				CLANG_WARN_UNGUARDED_AVAILABILITY = YES_AGGRESSIVE;
				CLANG_WARN_UNREACHABLE_CODE = YES;
				CLANG_WARN__DUPLICATE_METHOD_MATCH = YES;
				COPY_PHASE_STRIP = NO;
				DEBUG_INFORMATION_FORMAT = "dwarf-with-dsym";
				ENABLE_NS_ASSERTIONS = NO;
				ENABLE_STRICT_OBJC_MSGSEND = YES;
				GCC_C_LANGUAGE_STANDARD = gnu11;
				GCC_NO_COMMON_BLOCKS = YES;
				GCC_WARN_64_TO_32_BIT_CONVERSION = YES;
				GCC_WARN_ABOUT_RETURN_TYPE = YES_ERROR;
				GCC_WARN_UNDECLARED_SELECTOR = YES;
				GCC_WARN_UNINITIALIZED_AUTOS = YES_AGGRESSIVE;
				GCC_WARN_UNUSED_FUNCTION = YES;
				GCC_WARN_UNUSED_VARIABLE = YES;
				IPHONEOS_DEPLOYMENT_TARGET = 16.1;
				MTL_ENABLE_DEBUG_INFO = NO;
				MTL_FAST_MATH = YES;
				SDKROOT = iphoneos;
				SWIFT_COMPILATION_MODE = wholemodule;
				SWIFT_OPTIMIZATION_LEVEL = "-O";
				VALIDATE_PRODUCT = YES;
			};
			name = Release;
		};
		A83C6D8F2947822800D104BB /* Debug */ = {
			isa = XCBuildConfiguration;
			buildSettings = {
				ASSETCATALOG_COMPILER_APPICON_NAME = AppIcon;
				ASSETCATALOG_COMPILER_GLOBAL_ACCENT_COLOR_NAME = AccentColor;
				CODE_SIGN_STYLE = Automatic;
				CURRENT_PROJECT_VERSION = 1;
				DEVELOPMENT_TEAM = YUXNM3434R;
				GENERATE_INFOPLIST_FILE = YES;
				INFOPLIST_FILE = twoTableView/Info.plist;
				INFOPLIST_KEY_UIApplicationSupportsIndirectInputEvents = YES;
				INFOPLIST_KEY_UILaunchStoryboardName = LaunchScreen;
				INFOPLIST_KEY_UISupportedInterfaceOrientations_iPad = "UIInterfaceOrientationPortrait UIInterfaceOrientationPortraitUpsideDown UIInterfaceOrientationLandscapeLeft UIInterfaceOrientationLandscapeRight";
				INFOPLIST_KEY_UISupportedInterfaceOrientations_iPhone = "UIInterfaceOrientationPortrait UIInterfaceOrientationLandscapeLeft UIInterfaceOrientationLandscapeRight";
				LD_RUNPATH_SEARCH_PATHS = (
					"$(inherited)",
					"@executable_path/Frameworks",
				);
				MARKETING_VERSION = 1.0;
				PRODUCT_BUNDLE_IDENTIFIER = mb.corp.twoTableView;
				PRODUCT_NAME = "$(TARGET_NAME)";
				SWIFT_EMIT_LOC_STRINGS = YES;
				SWIFT_VERSION = 5.0;
				TARGETED_DEVICE_FAMILY = "1,2";
			};
			name = Debug;
		};
		A83C6D902947822800D104BB /* Release */ = {
			isa = XCBuildConfiguration;
			buildSettings = {
				ASSETCATALOG_COMPILER_APPICON_NAME = AppIcon;
				ASSETCATALOG_COMPILER_GLOBAL_ACCENT_COLOR_NAME = AccentColor;
				CODE_SIGN_STYLE = Automatic;
				CURRENT_PROJECT_VERSION = 1;
				DEVELOPMENT_TEAM = YUXNM3434R;
				GENERATE_INFOPLIST_FILE = YES;
				INFOPLIST_FILE = twoTableView/Info.plist;
				INFOPLIST_KEY_UIApplicationSupportsIndirectInputEvents = YES;
				INFOPLIST_KEY_UILaunchStoryboardName = LaunchScreen;
				INFOPLIST_KEY_UISupportedInterfaceOrientations_iPad = "UIInterfaceOrientationPortrait UIInterfaceOrientationPortraitUpsideDown UIInterfaceOrientationLandscapeLeft UIInterfaceOrientationLandscapeRight";
				INFOPLIST_KEY_UISupportedInterfaceOrientations_iPhone = "UIInterfaceOrientationPortrait UIInterfaceOrientationLandscapeLeft UIInterfaceOrientationLandscapeRight";
				LD_RUNPATH_SEARCH_PATHS = (
					"$(inherited)",
					"@executable_path/Frameworks",
				);
				MARKETING_VERSION = 1.0;
				PRODUCT_BUNDLE_IDENTIFIER = mb.corp.twoTableView;
				PRODUCT_NAME = "$(TARGET_NAME)";
				SWIFT_EMIT_LOC_STRINGS = YES;
				SWIFT_VERSION = 5.0;
				TARGETED_DEVICE_FAMILY = "1,2";
			};
			name = Release;
		};
/* End XCBuildConfiguration section */

/* Begin XCConfigurationList section */
		A83C6D752947822700D104BB /* Build configuration list for PBXProject "twoTableView" */ = {
			isa = XCConfigurationList;
			buildConfigurations = (
				A83C6D8C2947822800D104BB /* Debug */,
				A83C6D8D2947822800D104BB /* Release */,
			);
			defaultConfigurationIsVisible = 0;
			defaultConfigurationName = Release;
		};
		A83C6D8E2947822800D104BB /* Build configuration list for PBXNativeTarget "twoTableView" */ = {
			isa = XCConfigurationList;
			buildConfigurations = (
				A83C6D8F2947822800D104BB /* Debug */,
				A83C6D902947822800D104BB /* Release */,
			);
			defaultConfigurationIsVisible = 0;
			defaultConfigurationName = Release;
		};
/* End XCConfigurationList section */
	};
	rootObject = A83C6D722947822700D104BB /* Project object */;
}
