// !$*UTF8*$!
{
	archiveVersion = 1;
	classes = {
	};
	objectVersion = 56;
	objects = {

/* Begin PBXBuildFile section */
		A828BFDA290820AC005138B7 /* AppDelegate.swift in Sources */ = {isa = PBXBuildFile; fileRef = A828BFD9290820AC005138B7 /* AppDelegate.swift */; };
		A828BFDC290820AC005138B7 /* SceneDelegate.swift in Sources */ = {isa = PBXBuildFile; fileRef = A828BFDB290820AC005138B7 /* SceneDelegate.swift */; };
		A828BFDE290820AC005138B7 /* HomeViewController.swift in Sources */ = {isa = PBXBuildFile; fileRef = A828BFDD290820AC005138B7 /* HomeViewController.swift */; };
		A828BFE1290820AC005138B7 /* Main.storyboard in Resources */ = {isa = PBXBuildFile; fileRef = A828BFDF290820AC005138B7 /* Main.storyboard */; };
		A828BFE3290820AE005138B7 /* Assets.xcassets in Resources */ = {isa = PBXBuildFile; fileRef = A828BFE2290820AE005138B7 /* Assets.xcassets */; };
		A828BFE6290820AE005138B7 /* LaunchScreen.storyboard in Resources */ = {isa = PBXBuildFile; fileRef = A828BFE4290820AE005138B7 /* LaunchScreen.storyboard */; };
		A828BFF22908229D005138B7 /* ExploreViewController.swift in Sources */ = {isa = PBXBuildFile; fileRef = A828BFF12908229D005138B7 /* ExploreViewController.swift */; };
		A828BFF4290822D1005138B7 /* CameraViewController.swift in Sources */ = {isa = PBXBuildFile; fileRef = A828BFF3290822D1005138B7 /* CameraViewController.swift */; };
		A828BFF6290822FC005138B7 /* NotificationViewController.swift in Sources */ = {isa = PBXBuildFile; fileRef = A828BFF5290822FC005138B7 /* NotificationViewController.swift */; };
		A828BFF829082310005138B7 /* ProfileViewController.swift in Sources */ = {isa = PBXBuildFile; fileRef = A828BFF729082310005138B7 /* ProfileViewController.swift */; };
		A828BFFD29082650005138B7 /* LoginViewController.swift in Sources */ = {isa = PBXBuildFile; fileRef = A828BFFC29082650005138B7 /* LoginViewController.swift */; };
		A828BFFF29082674005138B7 /* RegistrationViewController.swift in Sources */ = {isa = PBXBuildFile; fileRef = A828BFFE29082674005138B7 /* RegistrationViewController.swift */; };
		A828C001290826BE005138B7 /* PostViewController.swift in Sources */ = {isa = PBXBuildFile; fileRef = A828C000290826BE005138B7 /* PostViewController.swift */; };
		A828C003290826EA005138B7 /* EditProfileViewController.swift in Sources */ = {isa = PBXBuildFile; fileRef = A828C002290826EA005138B7 /* EditProfileViewController.swift */; };
		A828C005290832A3005138B7 /* SettingsViewController.swift in Sources */ = {isa = PBXBuildFile; fileRef = A828C004290832A3005138B7 /* SettingsViewController.swift */; };
		A828C007290832C7005138B7 /* ListViewController.swift in Sources */ = {isa = PBXBuildFile; fileRef = A828C006290832C7005138B7 /* ListViewController.swift */; };
		A828C009290832F2005138B7 /* SearchViewController.swift in Sources */ = {isa = PBXBuildFile; fileRef = A828C008290832F2005138B7 /* SearchViewController.swift */; };
		A828C00B29083304005138B7 /* SearchResultViewController.swift in Sources */ = {isa = PBXBuildFile; fileRef = A828C00A29083304005138B7 /* SearchResultViewController.swift */; };
		A828C00D29083345005138B7 /* PostEditorViewController.swift in Sources */ = {isa = PBXBuildFile; fileRef = A828C00C29083345005138B7 /* PostEditorViewController.swift */; };
		A828C00F29083364005138B7 /* PublichPostViewController.swift in Sources */ = {isa = PBXBuildFile; fileRef = A828C00E29083364005138B7 /* PublichPostViewController.swift */; };
/* End PBXBuildFile section */

/* Begin PBXFileReference section */
		A828BFD6290820AC005138B7 /* material property.app */ = {isa = PBXFileReference; explicitFileType = wrapper.application; includeInIndex = 0; path = "material property.app"; sourceTree = BUILT_PRODUCTS_DIR; };
		A828BFD9290820AC005138B7 /* AppDelegate.swift */ = {isa = PBXFileReference; lastKnownFileType = sourcecode.swift; path = AppDelegate.swift; sourceTree = "<group>"; };
		A828BFDB290820AC005138B7 /* SceneDelegate.swift */ = {isa = PBXFileReference; lastKnownFileType = sourcecode.swift; path = SceneDelegate.swift; sourceTree = "<group>"; };
		A828BFDD290820AC005138B7 /* HomeViewController.swift */ = {isa = PBXFileReference; lastKnownFileType = sourcecode.swift; path = HomeViewController.swift; sourceTree = "<group>"; };
		A828BFE0290820AC005138B7 /* Base */ = {isa = PBXFileReference; lastKnownFileType = file.storyboard; name = Base; path = Base.lproj/Main.storyboard; sourceTree = "<group>"; };
		A828BFE2290820AE005138B7 /* Assets.xcassets */ = {isa = PBXFileReference; lastKnownFileType = folder.assetcatalog; path = Assets.xcassets; sourceTree = "<group>"; };
		A828BFE5290820AE005138B7 /* Base */ = {isa = PBXFileReference; lastKnownFileType = file.storyboard; name = Base; path = Base.lproj/LaunchScreen.storyboard; sourceTree = "<group>"; };
		A828BFE7290820AE005138B7 /* Info.plist */ = {isa = PBXFileReference; lastKnownFileType = text.plist.xml; path = Info.plist; sourceTree = "<group>"; };
		A828BFF12908229D005138B7 /* ExploreViewController.swift */ = {isa = PBXFileReference; lastKnownFileType = sourcecode.swift; path = ExploreViewController.swift; sourceTree = "<group>"; };
		A828BFF3290822D1005138B7 /* CameraViewController.swift */ = {isa = PBXFileReference; lastKnownFileType = sourcecode.swift; path = CameraViewController.swift; sourceTree = "<group>"; };
		A828BFF5290822FC005138B7 /* NotificationViewController.swift */ = {isa = PBXFileReference; lastKnownFileType = sourcecode.swift; path = NotificationViewController.swift; sourceTree = "<group>"; };
		A828BFF729082310005138B7 /* ProfileViewController.swift */ = {isa = PBXFileReference; lastKnownFileType = sourcecode.swift; path = ProfileViewController.swift; sourceTree = "<group>"; };
		A828BFFC29082650005138B7 /* LoginViewController.swift */ = {isa = PBXFileReference; lastKnownFileType = sourcecode.swift; path = LoginViewController.swift; sourceTree = "<group>"; };
		A828BFFE29082674005138B7 /* RegistrationViewController.swift */ = {isa = PBXFileReference; lastKnownFileType = sourcecode.swift; path = RegistrationViewController.swift; sourceTree = "<group>"; };
		A828C000290826BE005138B7 /* PostViewController.swift */ = {isa = PBXFileReference; lastKnownFileType = sourcecode.swift; path = PostViewController.swift; sourceTree = "<group>"; };
		A828C002290826EA005138B7 /* EditProfileViewController.swift */ = {isa = PBXFileReference; lastKnownFileType = sourcecode.swift; path = EditProfileViewController.swift; sourceTree = "<group>"; };
		A828C004290832A3005138B7 /* SettingsViewController.swift */ = {isa = PBXFileReference; lastKnownFileType = sourcecode.swift; path = SettingsViewController.swift; sourceTree = "<group>"; };
		A828C006290832C7005138B7 /* ListViewController.swift */ = {isa = PBXFileReference; lastKnownFileType = sourcecode.swift; path = ListViewController.swift; sourceTree = "<group>"; };
		A828C008290832F2005138B7 /* SearchViewController.swift */ = {isa = PBXFileReference; lastKnownFileType = sourcecode.swift; path = SearchViewController.swift; sourceTree = "<group>"; };
		A828C00A29083304005138B7 /* SearchResultViewController.swift */ = {isa = PBXFileReference; lastKnownFileType = sourcecode.swift; path = SearchResultViewController.swift; sourceTree = "<group>"; };
		A828C00C29083345005138B7 /* PostEditorViewController.swift */ = {isa = PBXFileReference; lastKnownFileType = sourcecode.swift; path = PostEditorViewController.swift; sourceTree = "<group>"; };
		A828C00E29083364005138B7 /* PublichPostViewController.swift */ = {isa = PBXFileReference; lastKnownFileType = sourcecode.swift; path = PublichPostViewController.swift; sourceTree = "<group>"; };
/* End PBXFileReference section */

/* Begin PBXFrameworksBuildPhase section */
		A828BFD3290820AC005138B7 /* Frameworks */ = {
			isa = PBXFrameworksBuildPhase;
			buildActionMask = 2147483647;
			files = (
			);
			runOnlyForDeploymentPostprocessing = 0;
		};
/* End PBXFrameworksBuildPhase section */

/* Begin PBXGroup section */
		A828BFCD290820AC005138B7 = {
			isa = PBXGroup;
			children = (
				A828BFD8290820AC005138B7 /* material property */,
				A828BFD7290820AC005138B7 /* Products */,
			);
			sourceTree = "<group>";
		};
		A828BFD7290820AC005138B7 /* Products */ = {
			isa = PBXGroup;
			children = (
				A828BFD6290820AC005138B7 /* material property.app */,
			);
			name = Products;
			sourceTree = "<group>";
		};
		A828BFD8290820AC005138B7 /* material property */ = {
			isa = PBXGroup;
			children = (
				A828BFF029082162005138B7 /* Resourses */,
				A828BFEF2908214E005138B7 /* Models */,
				A828BFEE29082140005138B7 /* Views */,
				A828BFED29082135005138B7 /* Controllers */,
				A828BFDF290820AC005138B7 /* Main.storyboard */,
				A828BFE2290820AE005138B7 /* Assets.xcassets */,
				A828BFE4290820AE005138B7 /* LaunchScreen.storyboard */,
				A828BFE7290820AE005138B7 /* Info.plist */,
			);
			path = "material property";
			sourceTree = "<group>";
		};
		A828BFED29082135005138B7 /* Controllers */ = {
			isa = PBXGroup;
			children = (
				A828BFFA2908261D005138B7 /* Others */,
				A828BFF92908232F005138B7 /* CoreTabs */,
			);
			path = Controllers;
			sourceTree = "<group>";
		};
		A828BFEE29082140005138B7 /* Views */ = {
			isa = PBXGroup;
			children = (
			);
			path = Views;
			sourceTree = "<group>";
		};
		A828BFEF2908214E005138B7 /* Models */ = {
			isa = PBXGroup;
			children = (
			);
			path = Models;
			sourceTree = "<group>";
		};
		A828BFF029082162005138B7 /* Resourses */ = {
			isa = PBXGroup;
			children = (
				A828BFD9290820AC005138B7 /* AppDelegate.swift */,
				A828BFDB290820AC005138B7 /* SceneDelegate.swift */,
			);
			path = Resourses;
			sourceTree = "<group>";
		};
		A828BFF92908232F005138B7 /* CoreTabs */ = {
			isa = PBXGroup;
			children = (
				A828BFDD290820AC005138B7 /* HomeViewController.swift */,
				A828BFF12908229D005138B7 /* ExploreViewController.swift */,
				A828BFF3290822D1005138B7 /* CameraViewController.swift */,
				A828BFF5290822FC005138B7 /* NotificationViewController.swift */,
				A828BFF729082310005138B7 /* ProfileViewController.swift */,
			);
			path = CoreTabs;
			sourceTree = "<group>";
		};
		A828BFFA2908261D005138B7 /* Others */ = {
			isa = PBXGroup;
			children = (
				A828BFFB2908262A005138B7 /* Onboarding */,
				A828C000290826BE005138B7 /* PostViewController.swift */,
				A828C002290826EA005138B7 /* EditProfileViewController.swift */,
				A828C004290832A3005138B7 /* SettingsViewController.swift */,
				A828C006290832C7005138B7 /* ListViewController.swift */,
				A828C008290832F2005138B7 /* SearchViewController.swift */,
				A828C00A29083304005138B7 /* SearchResultViewController.swift */,
				A828C00C29083345005138B7 /* PostEditorViewController.swift */,
				A828C00E29083364005138B7 /* PublichPostViewController.swift */,
			);
			path = Others;
			sourceTree = "<group>";
		};
		A828BFFB2908262A005138B7 /* Onboarding */ = {
			isa = PBXGroup;
			children = (
				A828BFFC29082650005138B7 /* LoginViewController.swift */,
				A828BFFE29082674005138B7 /* RegistrationViewController.swift */,
			);
			path = Onboarding;
			sourceTree = "<group>";
		};
/* End PBXGroup section */

/* Begin PBXNativeTarget section */
		A828BFD5290820AC005138B7 /* material property */ = {
			isa = PBXNativeTarget;
			buildConfigurationList = A828BFEA290820AE005138B7 /* Build configuration list for PBXNativeTarget "material property" */;
			buildPhases = (
				A828BFD2290820AC005138B7 /* Sources */,
				A828BFD3290820AC005138B7 /* Frameworks */,
				A828BFD4290820AC005138B7 /* Resources */,
			);
			buildRules = (
			);
			dependencies = (
			);
			name = "material property";
			productName = "material property";
			productReference = A828BFD6290820AC005138B7 /* material property.app */;
			productType = "com.apple.product-type.application";
		};
/* End PBXNativeTarget section */

/* Begin PBXProject section */
		A828BFCE290820AC005138B7 /* Project object */ = {
			isa = PBXProject;
			attributes = {
				BuildIndependentTargetsInParallel = 1;
				LastSwiftUpdateCheck = 1400;
				LastUpgradeCheck = 1400;
				TargetAttributes = {
					A828BFD5290820AC005138B7 = {
						CreatedOnToolsVersion = 14.0.1;
					};
				};
			};
			buildConfigurationList = A828BFD1290820AC005138B7 /* Build configuration list for PBXProject "material property" */;
			compatibilityVersion = "Xcode 14.0";
			developmentRegion = en;
			hasScannedForEncodings = 0;
			knownRegions = (
				en,
				Base,
			);
			mainGroup = A828BFCD290820AC005138B7;
			productRefGroup = A828BFD7290820AC005138B7 /* Products */;
			projectDirPath = "";
			projectRoot = "";
			targets = (
				A828BFD5290820AC005138B7 /* material property */,
			);
		};
/* End PBXProject section */

/* Begin PBXResourcesBuildPhase section */
		A828BFD4290820AC005138B7 /* Resources */ = {
			isa = PBXResourcesBuildPhase;
			buildActionMask = 2147483647;
			files = (
				A828BFE6290820AE005138B7 /* LaunchScreen.storyboard in Resources */,
				A828BFE3290820AE005138B7 /* Assets.xcassets in Resources */,
				A828BFE1290820AC005138B7 /* Main.storyboard in Resources */,
			);
			runOnlyForDeploymentPostprocessing = 0;
		};
/* End PBXResourcesBuildPhase section */

/* Begin PBXSourcesBuildPhase section */
		A828BFD2290820AC005138B7 /* Sources */ = {
			isa = PBXSourcesBuildPhase;
			buildActionMask = 2147483647;
			files = (
				A828C003290826EA005138B7 /* EditProfileViewController.swift in Sources */,
				A828BFF22908229D005138B7 /* ExploreViewController.swift in Sources */,
				A828BFF4290822D1005138B7 /* CameraViewController.swift in Sources */,
				A828BFF6290822FC005138B7 /* NotificationViewController.swift in Sources */,
				A828BFFF29082674005138B7 /* RegistrationViewController.swift in Sources */,
				A828C00D29083345005138B7 /* PostEditorViewController.swift in Sources */,
				A828C001290826BE005138B7 /* PostViewController.swift in Sources */,
				A828BFDE290820AC005138B7 /* HomeViewController.swift in Sources */,
				A828C00B29083304005138B7 /* SearchResultViewController.swift in Sources */,
				A828C00F29083364005138B7 /* PublichPostViewController.swift in Sources */,
				A828BFFD29082650005138B7 /* LoginViewController.swift in Sources */,
				A828C009290832F2005138B7 /* SearchViewController.swift in Sources */,
				A828BFF829082310005138B7 /* ProfileViewController.swift in Sources */,
				A828BFDA290820AC005138B7 /* AppDelegate.swift in Sources */,
				A828BFDC290820AC005138B7 /* SceneDelegate.swift in Sources */,
				A828C007290832C7005138B7 /* ListViewController.swift in Sources */,
				A828C005290832A3005138B7 /* SettingsViewController.swift in Sources */,
			);
			runOnlyForDeploymentPostprocessing = 0;
		};
/* End PBXSourcesBuildPhase section */

/* Begin PBXVariantGroup section */
		A828BFDF290820AC005138B7 /* Main.storyboard */ = {
			isa = PBXVariantGroup;
			children = (
				A828BFE0290820AC005138B7 /* Base */,
			);
			name = Main.storyboard;
			sourceTree = "<group>";
		};
		A828BFE4290820AE005138B7 /* LaunchScreen.storyboard */ = {
			isa = PBXVariantGroup;
			children = (
				A828BFE5290820AE005138B7 /* Base */,
			);
			name = LaunchScreen.storyboard;
			sourceTree = "<group>";
		};
/* End PBXVariantGroup section */

/* Begin XCBuildConfiguration section */
		A828BFE8290820AE005138B7 /* Debug */ = {
			isa = XCBuildConfiguration;
			buildSettings = {
				ALWAYS_SEARCH_USER_PATHS = NO;
				CLANG_ANALYZER_NONNULL = YES;
				CLANG_ANALYZER_NUMBER_OBJECT_CONVERSION = YES_AGGRESSIVE;
				CLANG_CXX_LANGUAGE_STANDARD = "gnu++20";
				CLANG_ENABLE_MODULES = YES;
				CLANG_ENABLE_OBJC_ARC = YES;
				CLANG_ENABLE_OBJC_WEAK = YES;
				CLANG_WARN_BLOCK_CAPTURE_AUTORELEASING = YES;
				CLANG_WARN_BOOL_CONVERSION = YES;
				CLANG_WARN_COMMA = YES;
				CLANG_WARN_CONSTANT_CONVERSION = YES;
				CLANG_WARN_DEPRECATED_OBJC_IMPLEMENTATIONS = YES;
				CLANG_WARN_DIRECT_OBJC_ISA_USAGE = YES_ERROR;
				CLANG_WARN_DOCUMENTATION_COMMENTS = YES;
				CLANG_WARN_EMPTY_BODY = YES;
				CLANG_WARN_ENUM_CONVERSION = YES;
				CLANG_WARN_INFINITE_RECURSION = YES;
				CLANG_WARN_INT_CONVERSION = YES;
				CLANG_WARN_NON_LITERAL_NULL_CONVERSION = YES;
				CLANG_WARN_OBJC_IMPLICIT_RETAIN_SELF = YES;
				CLANG_WARN_OBJC_LITERAL_CONVERSION = YES;
				CLANG_WARN_OBJC_ROOT_CLASS = YES_ERROR;
				CLANG_WARN_QUOTED_INCLUDE_IN_FRAMEWORK_HEADER = YES;
				CLANG_WARN_RANGE_LOOP_ANALYSIS = YES;
				CLANG_WARN_STRICT_PROTOTYPES = YES;
				CLANG_WARN_SUSPICIOUS_MOVE = YES;
				CLANG_WARN_UNGUARDED_AVAILABILITY = YES_AGGRESSIVE;
				CLANG_WARN_UNREACHABLE_CODE = YES;
				CLANG_WARN__DUPLICATE_METHOD_MATCH = YES;
				COPY_PHASE_STRIP = NO;
				DEBUG_INFORMATION_FORMAT = dwarf;
				ENABLE_STRICT_OBJC_MSGSEND = YES;
				ENABLE_TESTABILITY = YES;
				GCC_C_LANGUAGE_STANDARD = gnu11;
				GCC_DYNAMIC_NO_PIC = NO;
				GCC_NO_COMMON_BLOCKS = YES;
				GCC_OPTIMIZATION_LEVEL = 0;
				GCC_PREPROCESSOR_DEFINITIONS = (
					"DEBUG=1",
					"$(inherited)",
				);
				GCC_WARN_64_TO_32_BIT_CONVERSION = YES;
				GCC_WARN_ABOUT_RETURN_TYPE = YES_ERROR;
				GCC_WARN_UNDECLARED_SELECTOR = YES;
				GCC_WARN_UNINITIALIZED_AUTOS = YES_AGGRESSIVE;
				GCC_WARN_UNUSED_FUNCTION = YES;
				GCC_WARN_UNUSED_VARIABLE = YES;
				IPHONEOS_DEPLOYMENT_TARGET = 16.0;
				MTL_ENABLE_DEBUG_INFO = INCLUDE_SOURCE;
				MTL_FAST_MATH = YES;
				ONLY_ACTIVE_ARCH = YES;
				SDKROOT = iphoneos;
				SWIFT_ACTIVE_COMPILATION_CONDITIONS = DEBUG;
				SWIFT_OPTIMIZATION_LEVEL = "-Onone";
			};
			name = Debug;
		};
		A828BFE9290820AE005138B7 /* Release */ = {
			isa = XCBuildConfiguration;
			buildSettings = {
				ALWAYS_SEARCH_USER_PATHS = NO;
				CLANG_ANALYZER_NONNULL = YES;
				CLANG_ANALYZER_NUMBER_OBJECT_CONVERSION = YES_AGGRESSIVE;
				CLANG_CXX_LANGUAGE_STANDARD = "gnu++20";
				CLANG_ENABLE_MODULES = YES;
				CLANG_ENABLE_OBJC_ARC = YES;
				CLANG_ENABLE_OBJC_WEAK = YES;
				CLANG_WARN_BLOCK_CAPTURE_AUTORELEASING = YES;
				CLANG_WARN_BOOL_CONVERSION = YES;
				CLANG_WARN_COMMA = YES;
				CLANG_WARN_CONSTANT_CONVERSION = YES;
				CLANG_WARN_DEPRECATED_OBJC_IMPLEMENTATIONS = YES;
				CLANG_WARN_DIRECT_OBJC_ISA_USAGE = YES_ERROR;
				CLANG_WARN_DOCUMENTATION_COMMENTS = YES;
				CLANG_WARN_EMPTY_BODY = YES;
				CLANG_WARN_ENUM_CONVERSION = YES;
				CLANG_WARN_INFINITE_RECURSION = YES;
				CLANG_WARN_INT_CONVERSION = YES;
				CLANG_WARN_NON_LITERAL_NULL_CONVERSION = YES;
				CLANG_WARN_OBJC_IMPLICIT_RETAIN_SELF = YES;
				CLANG_WARN_OBJC_LITERAL_CONVERSION = YES;
				CLANG_WARN_OBJC_ROOT_CLASS = YES_ERROR;
				CLANG_WARN_QUOTED_INCLUDE_IN_FRAMEWORK_HEADER = YES;
				CLANG_WARN_RANGE_LOOP_ANALYSIS = YES;
				CLANG_WARN_STRICT_PROTOTYPES = YES;
				CLANG_WARN_SUSPICIOUS_MOVE = YES;
				CLANG_WARN_UNGUARDED_AVAILABILITY = YES_AGGRESSIVE;
				CLANG_WARN_UNREACHABLE_CODE = YES;
				CLANG_WARN__DUPLICATE_METHOD_MATCH = YES;
				COPY_PHASE_STRIP = NO;
				DEBUG_INFORMATION_FORMAT = "dwarf-with-dsym";
				ENABLE_NS_ASSERTIONS = NO;
				ENABLE_STRICT_OBJC_MSGSEND = YES;
				GCC_C_LANGUAGE_STANDARD = gnu11;
				GCC_NO_COMMON_BLOCKS = YES;
				GCC_WARN_64_TO_32_BIT_CONVERSION = YES;
				GCC_WARN_ABOUT_RETURN_TYPE = YES_ERROR;
				GCC_WARN_UNDECLARED_SELECTOR = YES;
				GCC_WARN_UNINITIALIZED_AUTOS = YES_AGGRESSIVE;
				GCC_WARN_UNUSED_FUNCTION = YES;
				GCC_WARN_UNUSED_VARIABLE = YES;
				IPHONEOS_DEPLOYMENT_TARGET = 16.0;
				MTL_ENABLE_DEBUG_INFO = NO;
				MTL_FAST_MATH = YES;
				SDKROOT = iphoneos;
				SWIFT_COMPILATION_MODE = wholemodule;
				SWIFT_OPTIMIZATION_LEVEL = "-O";
				VALIDATE_PRODUCT = YES;
			};
			name = Release;
		};
		A828BFEB290820AE005138B7 /* Debug */ = {
			isa = XCBuildConfiguration;
			buildSettings = {
				ASSETCATALOG_COMPILER_APPICON_NAME = AppIcon;
				ASSETCATALOG_COMPILER_GLOBAL_ACCENT_COLOR_NAME = AccentColor;
				CODE_SIGN_STYLE = Automatic;
				CURRENT_PROJECT_VERSION = 1;
				DEVELOPMENT_TEAM = YUXNM3434R;
				GENERATE_INFOPLIST_FILE = YES;
				INFOPLIST_FILE = "material property/Info.plist";
				INFOPLIST_KEY_UIApplicationSupportsIndirectInputEvents = YES;
				INFOPLIST_KEY_UILaunchStoryboardName = LaunchScreen;
				INFOPLIST_KEY_UIMainStoryboardFile = Main;
				INFOPLIST_KEY_UISupportedInterfaceOrientations_iPad = "UIInterfaceOrientationPortrait UIInterfaceOrientationPortraitUpsideDown UIInterfaceOrientationLandscapeLeft UIInterfaceOrientationLandscapeRight";
				INFOPLIST_KEY_UISupportedInterfaceOrientations_iPhone = "UIInterfaceOrientationPortrait UIInterfaceOrientationLandscapeLeft UIInterfaceOrientationLandscapeRight";
				LD_RUNPATH_SEARCH_PATHS = (
					"$(inherited)",
					"@executable_path/Frameworks",
				);
				MARKETING_VERSION = 1.0;
				PRODUCT_BUNDLE_IDENTIFIER = "mb.corp.material-property";
				PRODUCT_NAME = "$(TARGET_NAME)";
				SWIFT_EMIT_LOC_STRINGS = YES;
				SWIFT_VERSION = 5.0;
				TARGETED_DEVICE_FAMILY = "1,2";
			};
			name = Debug;
		};
		A828BFEC290820AE005138B7 /* Release */ = {
			isa = XCBuildConfiguration;
			buildSettings = {
				ASSETCATALOG_COMPILER_APPICON_NAME = AppIcon;
				ASSETCATALOG_COMPILER_GLOBAL_ACCENT_COLOR_NAME = AccentColor;
				CODE_SIGN_STYLE = Automatic;
				CURRENT_PROJECT_VERSION = 1;
				DEVELOPMENT_TEAM = YUXNM3434R;
				GENERATE_INFOPLIST_FILE = YES;
				INFOPLIST_FILE = "material property/Info.plist";
				INFOPLIST_KEY_UIApplicationSupportsIndirectInputEvents = YES;
				INFOPLIST_KEY_UILaunchStoryboardName = LaunchScreen;
				INFOPLIST_KEY_UIMainStoryboardFile = Main;
				INFOPLIST_KEY_UISupportedInterfaceOrientations_iPad = "UIInterfaceOrientationPortrait UIInterfaceOrientationPortraitUpsideDown UIInterfaceOrientationLandscapeLeft UIInterfaceOrientationLandscapeRight";
				INFOPLIST_KEY_UISupportedInterfaceOrientations_iPhone = "UIInterfaceOrientationPortrait UIInterfaceOrientationLandscapeLeft UIInterfaceOrientationLandscapeRight";
				LD_RUNPATH_SEARCH_PATHS = (
					"$(inherited)",
					"@executable_path/Frameworks",
				);
				MARKETING_VERSION = 1.0;
				PRODUCT_BUNDLE_IDENTIFIER = "mb.corp.material-property";
				PRODUCT_NAME = "$(TARGET_NAME)";
				SWIFT_EMIT_LOC_STRINGS = YES;
				SWIFT_VERSION = 5.0;
				TARGETED_DEVICE_FAMILY = "1,2";
			};
			name = Release;
		};
/* End XCBuildConfiguration section */

/* Begin XCConfigurationList section */
		A828BFD1290820AC005138B7 /* Build configuration list for PBXProject "material property" */ = {
			isa = XCConfigurationList;
			buildConfigurations = (
				A828BFE8290820AE005138B7 /* Debug */,
				A828BFE9290820AE005138B7 /* Release */,
			);
			defaultConfigurationIsVisible = 0;
			defaultConfigurationName = Release;
		};
		A828BFEA290820AE005138B7 /* Build configuration list for PBXNativeTarget "material property" */ = {
			isa = XCConfigurationList;
			buildConfigurations = (
				A828BFEB290820AE005138B7 /* Debug */,
				A828BFEC290820AE005138B7 /* Release */,
			);
			defaultConfigurationIsVisible = 0;
			defaultConfigurationName = Release;
		};
/* End XCConfigurationList section */
	};
	rootObject = A828BFCE290820AC005138B7 /* Project object */;
}
